// !$*UTF8*$!
{
	archiveVersion = 1;
	classes = {
	};
	objectVersion = 46;
	objects = {

/* Begin PBXBuildFile section */
		AD3B104F1B1C0356009FBC21 /* AppDelegate.swift in Sources */ = {isa = PBXBuildFile; fileRef = AD3B104E1B1C0356009FBC21 /* AppDelegate.swift */; };
		AD3B10511B1C0356009FBC21 /* ViewController.swift in Sources */ = {isa = PBXBuildFile; fileRef = AD3B10501B1C0356009FBC21 /* ViewController.swift */; };
		AD3B10541B1C0356009FBC21 /* Main.storyboard in Resources */ = {isa = PBXBuildFile; fileRef = AD3B10521B1C0356009FBC21 /* Main.storyboard */; };
		AD3B10561B1C0356009FBC21 /* Images.xcassets in Resources */ = {isa = PBXBuildFile; fileRef = AD3B10551B1C0356009FBC21 /* Images.xcassets */; };
		AD3B10591B1C0356009FBC21 /* LaunchScreen.xib in Resources */ = {isa = PBXBuildFile; fileRef = AD3B10571B1C0356009FBC21 /* LaunchScreen.xib */; };
		AD3B10651B1C0356009FBC21 /* Stop_WatchTests.swift in Sources */ = {isa = PBXBuildFile; fileRef = AD3B10641B1C0356009FBC21 /* Stop_WatchTests.swift */; };
/* End PBXBuildFile section */

/* Begin PBXContainerItemProxy section */
		AD3B105F1B1C0356009FBC21 /* PBXContainerItemProxy */ = {
			isa = PBXContainerItemProxy;
			containerPortal = AD3B10411B1C0356009FBC21 /* Project object */;
			proxyType = 1;
			remoteGlobalIDString = AD3B10481B1C0356009FBC21;
			remoteInfo = "Stop Watch";
		};
/* End PBXContainerItemProxy section */

/* Begin PBXFileReference section */
		AD3B10491B1C0356009FBC21 /* Stop Watch.app */ = {isa = PBXFileReference; explicitFileType = wrapper.application; includeInIndex = 0; path = "Stop Watch.app"; sourceTree = BUILT_PRODUCTS_DIR; };
		AD3B104D1B1C0356009FBC21 /* Info.plist */ = {isa = PBXFileReference; lastKnownFileType = text.plist.xml; path = Info.plist; sourceTree = "<group>"; };
		AD3B104E1B1C0356009FBC21 /* AppDelegate.swift */ = {isa = PBXFileReference; lastKnownFileType = sourcecode.swift; path = AppDelegate.swift; sourceTree = "<group>"; };
		AD3B10501B1C0356009FBC21 /* ViewController.swift */ = {isa = PBXFileReference; lastKnownFileType = sourcecode.swift; path = ViewController.swift; sourceTree = "<group>"; };
		AD3B10531B1C0356009FBC21 /* Base */ = {isa = PBXFileReference; lastKnownFileType = file.storyboard; name = Base; path = Base.lproj/Main.storyboard; sourceTree = "<group>"; };
		AD3B10551B1C0356009FBC21 /* Images.xcassets */ = {isa = PBXFileReference; lastKnownFileType = folder.assetcatalog; path = Images.xcassets; sourceTree = "<group>"; };
		AD3B10581B1C0356009FBC21 /* Base */ = {isa = PBXFileReference; lastKnownFileType = file.xib; name = Base; path = Base.lproj/LaunchScreen.xib; sourceTree = "<group>"; };
		AD3B105E1B1C0356009FBC21 /* Stop WatchTests.xctest */ = {isa = PBXFileReference; explicitFileType = wrapper.cfbundle; includeInIndex = 0; path = "Stop WatchTests.xctest"; sourceTree = BUILT_PRODUCTS_DIR; };
		AD3B10631B1C0356009FBC21 /* Info.plist */ = {isa = PBXFileReference; lastKnownFileType = text.plist.xml; path = Info.plist; sourceTree = "<group>"; };
		AD3B10641B1C0356009FBC21 /* Stop_WatchTests.swift */ = {isa = PBXFileReference; lastKnownFileType = sourcecode.swift; path = Stop_WatchTests.swift; sourceTree = "<group>"; };
/* End PBXFileReference section */

/* Begin PBXFrameworksBuildPhase section */
		AD3B10461B1C0356009FBC21 /* Frameworks */ = {
			isa = PBXFrameworksBuildPhase;
			buildActionMask = 2147483647;
			files = (
			);
			runOnlyForDeploymentPostprocessing = 0;
		};
		AD3B105B1B1C0356009FBC21 /* Frameworks */ = {
			isa = PBXFrameworksBuildPhase;
			buildActionMask = 2147483647;
			files = (
			);
			runOnlyForDeploymentPostprocessing = 0;
		};
/* End PBXFrameworksBuildPhase section */

/* Begin PBXGroup section */
		AD3B10401B1C0356009FBC21 = {
			isa = PBXGroup;
			children = (
				AD3B104B1B1C0356009FBC21 /* Stop Watch */,
				AD3B10611B1C0356009FBC21 /* Stop WatchTests */,
				AD3B104A1B1C0356009FBC21 /* Products */,
			);
			sourceTree = "<group>";
		};
		AD3B104A1B1C0356009FBC21 /* Products */ = {
			isa = PBXGroup;
			children = (
				AD3B10491B1C0356009FBC21 /* Stop Watch.app */,
				AD3B105E1B1C0356009FBC21 /* Stop WatchTests.xctest */,
			);
			name = Products;
			sourceTree = "<group>";
		};
		AD3B104B1B1C0356009FBC21 /* Stop Watch */ = {
			isa = PBXGroup;
			children = (
				AD3B104E1B1C0356009FBC21 /* AppDelegate.swift */,
				AD3B10501B1C0356009FBC21 /* ViewController.swift */,
				AD3B10521B1C0356009FBC21 /* Main.storyboard */,
				AD3B10551B1C0356009FBC21 /* Images.xcassets */,
				AD3B10571B1C0356009FBC21 /* LaunchScreen.xib */,
				AD3B104C1B1C0356009FBC21 /* Supporting Files */,
			);
			path = "Stop Watch";
			sourceTree = "<group>";
		};
		AD3B104C1B1C0356009FBC21 /* Supporting Files */ = {
			isa = PBXGroup;
			children = (
				AD3B104D1B1C0356009FBC21 /* Info.plist */,
			);
			name = "Supporting Files";
			sourceTree = "<group>";
		};
		AD3B10611B1C0356009FBC21 /* Stop WatchTests */ = {
			isa = PBXGroup;
			children = (
				AD3B10641B1C0356009FBC21 /* Stop_WatchTests.swift */,
				AD3B10621B1C0356009FBC21 /* Supporting Files */,
			);
			path = "Stop WatchTests";
			sourceTree = "<group>";
		};
		AD3B10621B1C0356009FBC21 /* Supporting Files */ = {
			isa = PBXGroup;
			children = (
				AD3B10631B1C0356009FBC21 /* Info.plist */,
			);
			name = "Supporting Files";
			sourceTree = "<group>";
		};
/* End PBXGroup section */

/* Begin PBXNativeTarget section */
		AD3B10481B1C0356009FBC21 /* Stop Watch */ = {
			isa = PBXNativeTarget;
			buildConfigurationList = AD3B10681B1C0356009FBC21 /* Build configuration list for PBXNativeTarget "Stop Watch" */;
			buildPhases = (
				AD3B10451B1C0356009FBC21 /* Sources */,
				AD3B10461B1C0356009FBC21 /* Frameworks */,
				AD3B10471B1C0356009FBC21 /* Resources */,
			);
			buildRules = (
			);
			dependencies = (
			);
			name = "Stop Watch";
			productName = "Stop Watch";
			productReference = AD3B10491B1C0356009FBC21 /* Stop Watch.app */;
			productType = "com.apple.product-type.application";
		};
		AD3B105D1B1C0356009FBC21 /* Stop WatchTests */ = {
			isa = PBXNativeTarget;
			buildConfigurationList = AD3B106B1B1C0356009FBC21 /* Build configuration list for PBXNativeTarget "Stop WatchTests" */;
			buildPhases = (
				AD3B105A1B1C0356009FBC21 /* Sources */,
				AD3B105B1B1C0356009FBC21 /* Frameworks */,
				AD3B105C1B1C0356009FBC21 /* Resources */,
			);
			buildRules = (
			);
			dependencies = (
				AD3B10601B1C0356009FBC21 /* PBXTargetDependency */,
			);
			name = "Stop WatchTests";
			productName = "Stop WatchTests";
			productReference = AD3B105E1B1C0356009FBC21 /* Stop WatchTests.xctest */;
			productType = "com.apple.product-type.bundle.unit-test";
		};
/* End PBXNativeTarget section */

/* Begin PBXProject section */
		AD3B10411B1C0356009FBC21 /* Project object */ = {
			isa = PBXProject;
			attributes = {
				LastSwiftUpdateCheck = 0710;
				LastUpgradeCheck = 0630;
				ORGANIZATIONNAME = LiquidGroup;
				TargetAttributes = {
					AD3B10481B1C0356009FBC21 = {
						CreatedOnToolsVersion = 6.3.2;
					};
					AD3B105D1B1C0356009FBC21 = {
						CreatedOnToolsVersion = 6.3.2;
						TestTargetID = AD3B10481B1C0356009FBC21;
					};
				};
			};
			buildConfigurationList = AD3B10441B1C0356009FBC21 /* Build configuration list for PBXProject "Stop Watch" */;
			compatibilityVersion = "Xcode 3.2";
			developmentRegion = English;
			hasScannedForEncodings = 0;
			knownRegions = (
				en,
				Base,
			);
			mainGroup = AD3B10401B1C0356009FBC21;
			productRefGroup = AD3B104A1B1C0356009FBC21 /* Products */;
			projectDirPath = "";
			projectRoot = "";
			targets = (
				AD3B10481B1C0356009FBC21 /* Stop Watch */,
				AD3B105D1B1C0356009FBC21 /* Stop WatchTests */,
			);
		};
/* End PBXProject section */

/* Begin PBXResourcesBuildPhase section */
		AD3B10471B1C0356009FBC21 /* Resources */ = {
			isa = PBXResourcesBuildPhase;
			buildActionMask = 2147483647;
			files = (
				AD3B10541B1C0356009FBC21 /* Main.storyboard in Resources */,
				AD3B10591B1C0356009FBC21 /* LaunchScreen.xib in Resources */,
				AD3B10561B1C0356009FBC21 /* Images.xcassets in Resources */,
			);
			runOnlyForDeploymentPostprocessing = 0;
		};
		AD3B105C1B1C0356009FBC21 /* Resources */ = {
			isa = PBXResourcesBuildPhase;
			buildActionMask = 2147483647;
			files = (
			);
			runOnlyForDeploymentPostprocessing = 0;
		};
/* End PBXResourcesBuildPhase section */

/* Begin PBXSourcesBuildPhase section */
		AD3B10451B1C0356009FBC21 /* Sources */ = {
			isa = PBXSourcesBuildPhase;
			buildActionMask = 2147483647;
			files = (
				AD3B10511B1C0356009FBC21 /* ViewController.swift in Sources */,
				AD3B104F1B1C0356009FBC21 /* AppDelegate.swift in Sources */,
			);
			runOnlyForDeploymentPostprocessing = 0;
		};
		AD3B105A1B1C0356009FBC21 /* Sources */ = {
			isa = PBXSourcesBuildPhase;
			buildActionMask = 2147483647;
			files = (
				AD3B10651B1C0356009FBC21 /* Stop_WatchTests.swift in Sources */,
			);
			runOnlyForDeploymentPostprocessing = 0;
		};
/* End PBXSourcesBuildPhase section */

/* Begin PBXTargetDependency section */
		AD3B10601B1C0356009FBC21 /* PBXTargetDependency */ = {
			isa = PBXTargetDependency;
			target = AD3B10481B1C0356009FBC21 /* Stop Watch */;
			targetProxy = AD3B105F1B1C0356009FBC21 /* PBXContainerItemProxy */;
		};
/* End PBXTargetDependency section */

/* Begin PBXVariantGroup section */
		AD3B10521B1C0356009FBC21 /* Main.storyboard */ = {
			isa = PBXVariantGroup;
			children = (
				AD3B10531B1C0356009FBC21 /* Base */,
			);
			name = Main.storyboard;
			sourceTree = "<group>";
		};
		AD3B10571B1C0356009FBC21 /* LaunchScreen.xib */ = {
			isa = PBXVariantGroup;
			children = (
				AD3B10581B1C0356009FBC21 /* Base */,
			);
			name = LaunchScreen.xib;
			sourceTree = "<group>";
		};
/* End PBXVariantGroup section */

/* Begin XCBuildConfiguration section */
		AD3B10661B1C0356009FBC21 /* Debug */ = {
			isa = XCBuildConfiguration;
			buildSettings = {
				ALWAYS_SEARCH_USER_PATHS = NO;
				CLANG_CXX_LANGUAGE_STANDARD = "gnu++0x";
				CLANG_CXX_LIBRARY = "libc++";
				CLANG_ENABLE_MODULES = YES;
				CLANG_ENABLE_OBJC_ARC = YES;
				CLANG_WARN_BOOL_CONVERSION = YES;
				CLANG_WARN_CONSTANT_CONVERSION = YES;
				CLANG_WARN_DIRECT_OBJC_ISA_USAGE = YES_ERROR;
				CLANG_WARN_EMPTY_BODY = YES;
				CLANG_WARN_ENUM_CONVERSION = YES;
				CLANG_WARN_INT_CONVERSION = YES;
				CLANG_WARN_OBJC_ROOT_CLASS = YES_ERROR;
				CLANG_WARN_UNREACHABLE_CODE = YES;
				CLANG_WARN__DUPLICATE_METHOD_MATCH = YES;
				"CODE_SIGN_IDENTITY[sdk=iphoneos*]" = "iPhone Developer";
				COPY_PHASE_STRIP = NO;
				DEBUG_INFORMATION_FORMAT = "dwarf-with-dsym";
				ENABLE_STRICT_OBJC_MSGSEND = YES;
				GCC_C_LANGUAGE_STANDARD = gnu99;
				GCC_DYNAMIC_NO_PIC = NO;
				GCC_NO_COMMON_BLOCKS = YES;
				GCC_OPTIMIZATION_LEVEL = 0;
				GCC_PREPROCESSOR_DEFINITIONS = (
					"DEBUG=1",
					"$(inherited)",
				);
				GCC_SYMBOLS_PRIVATE_EXTERN = NO;
				GCC_WARN_64_TO_32_BIT_CONVERSION = YES;
				GCC_WARN_ABOUT_RETURN_TYPE = YES_ERROR;
				GCC_WARN_UNDECLARED_SELECTOR = YES;
				GCC_WARN_UNINITIALIZED_AUTOS = YES_AGGRESSIVE;
				GCC_WARN_UNUSED_FUNCTION = YES;
				GCC_WARN_UNUSED_VARIABLE = YES;
				IPHONEOS_DEPLOYMENT_TARGET = 8.3;
				MTL_ENABLE_DEBUG_INFO = YES;
				ONLY_ACTIVE_ARCH = YES;
				SDKROOT = iphoneos;
				SWIFT_OPTIMIZATION_LEVEL = "-Onone";
			};
			name = Debug;
		};
		AD3B10671B1C0356009FBC21 /* Release */ = {
			isa = XCBuildConfiguration;
			buildSettings = {
				ALWAYS_SEARCH_USER_PATHS = NO;
				CLANG_CXX_LANGUAGE_STANDARD = "gnu++0x";
				CLANG_CXX_LIBRARY = "libc++";
				CLANG_ENABLE_MODULES = YES;
				CLANG_ENABLE_OBJC_ARC = YES;
				CLANG_WARN_BOOL_CONVERSION = YES;
				CLANG_WARN_CONSTANT_CONVERSION = YES;
				CLANG_WARN_DIRECT_OBJC_ISA_USAGE = YES_ERROR;
				CLANG_WARN_EMPTY_BODY = YES;
				CLANG_WARN_ENUM_CONVERSION = YES;
				CLANG_WARN_INT_CONVERSION = YES;
				CLANG_WARN_OBJC_ROOT_CLASS = YES_ERROR;
				CLANG_WARN_UNREACHABLE_CODE = YES;
				CLANG_WARN__DUPLICATE_METHOD_MATCH = YES;
				"CODE_SIGN_IDENTITY[sdk=iphoneos*]" = "iPhone Developer";
				COPY_PHASE_STRIP = NO;
				DEBUG_INFORMATION_FORMAT = "dwarf-with-dsym";
				ENABLE_NS_ASSERTIONS = NO;
				ENABLE_STRICT_OBJC_MSGSEND = YES;
				GCC_C_LANGUAGE_STANDARD = gnu99;
				GCC_NO_COMMON_BLOCKS = YES;
				GCC_WARN_64_TO_32_BIT_CONVERSION = YES;
				GCC_WARN_ABOUT_RETURN_TYPE = YES_ERROR;
				GCC_WARN_UNDECLARED_SELECTOR = YES;
				GCC_WARN_UNINITIALIZED_AUTOS = YES_AGGRESSIVE;
				GCC_WARN_UNUSED_FUNCTION = YES;
				GCC_WARN_UNUSED_VARIABLE = YES;
				IPHONEOS_DEPLOYMENT_TARGET = 8.3;
				MTL_ENABLE_DEBUG_INFO = NO;
				SDKROOT = iphoneos;
				VALIDATE_PRODUCT = YES;
			};
			name = Release;
		};
		AD3B10691B1C0356009FBC21 /* Debug */ = {
			isa = XCBuildConfiguration;
			buildSettings = {
				ASSETCATALOG_COMPILER_APPICON_NAME = AppIcon;
				INFOPLIST_FILE = "Stop Watch/Info.plist";
				LD_RUNPATH_SEARCH_PATHS = "$(inherited) @executable_path/Frameworks";
				PRODUCT_NAME = "$(TARGET_NAME)";
			};
			name = Debug;
		};
		AD3B106A1B1C0356009FBC21 /* Release */ = {
			isa = XCBuildConfiguration;
			buildSettings = {
				ASSETCATALOG_COMPILER_APPICON_NAME = AppIcon;
				INFOPLIST_FILE = "Stop Watch/Info.plist";
				LD_RUNPATH_SEARCH_PATHS = "$(inherited) @executable_path/Frameworks";
				PRODUCT_NAME = "$(TARGET_NAME)";
			};
			name = Release;
		};
		AD3B106C1B1C0356009FBC21 /* Debug */ = {
			isa = XCBuildConfiguration;
			buildSettings = {
				BUNDLE_LOADER = "$(TEST_HOST)";
				FRAMEWORK_SEARCH_PATHS = (
					"$(SDKROOT)/Developer/Library/Frameworks",
					"$(inherited)",
				);
				GCC_PREPROCESSOR_DEFINITIONS = (
					"DEBUG=1",
					"$(inherited)",
				);
				INFOPLIST_FILE = "Stop WatchTests/Info.plist";
				LD_RUNPATH_SEARCH_PATHS = "$(inherited) @executable_path/Frameworks @loader_path/Frameworks";
				PRODUCT_NAME = "$(TARGET_NAME)";
				TEST_HOST = "$(BUILT_PRODUCTS_DIR)/Stop Watch.app/Stop Watch";
			};
			name = Debug;
		};
		AD3B106D1B1C0356009FBC21 /* Release */ = {
			isa = XCBuildConfiguration;
			buildSettings = {
				BUNDLE_LOADER = "$(TEST_HOST)";
				FRAMEWORK_SEARCH_PATHS = (
					"$(SDKROOT)/Developer/Library/Frameworks",
					"$(inherited)",
				);
				INFOPLIST_FILE = "Stop WatchTests/Info.plist";
				LD_RUNPATH_SEARCH_PATHS = "$(inherited) @executable_path/Frameworks @loader_path/Frameworks";
				PRODUCT_NAME = "$(TARGET_NAME)";
				TEST_HOST = "$(BUILT_PRODUCTS_DIR)/Stop Watch.app/Stop Watch";
			};
			name = Release;
		};
/* End XCBuildConfiguration section */

/* Begin XCConfigurationList section */
		AD3B10441B1C0356009FBC21 /* Build configuration list for PBXProject "Stop Watch" */ = {
			isa = XCConfigurationList;
			buildConfigurations = (
				AD3B10661B1C0356009FBC21 /* Debug */,
				AD3B10671B1C0356009FBC21 /* Release */,
			);
			defaultConfigurationIsVisible = 0;
			defaultConfigurationName = Release;
		};
		AD3B10681B1C0356009FBC21 /* Build configuration list for PBXNativeTarget "Stop Watch" */ = {
			isa = XCConfigurationList;
			buildConfigurations = (
				AD3B10691B1C0356009FBC21 /* Debug */,
				AD3B106A1B1C0356009FBC21 /* Release */,
			);
			defaultConfigurationIsVisible = 0;
			defaultConfigurationName = Release;
		};
		AD3B106B1B1C0356009FBC21 /* Build configuration list for PBXNativeTarget "Stop WatchTests" */ = {
			isa = XCConfigurationList;
			buildConfigurations = (
				AD3B106C1B1C0356009FBC21 /* Debug */,
				AD3B106D1B1C0356009FBC21 /* Release */,
			);
			defaultConfigurationIsVisible = 0;
			defaultConfigurationName = Release;
		};
/* End XCConfigurationList section */
	};
	rootObject = AD3B10411B1C0356009FBC21 /* Project object */;
}
